// !$*UTF8*$!
{
	archiveVersion = 1;
	classes = {
	};
	objectVersion = 55;
	objects = {

/* Begin PBXBuildFile section */
		DD36357428B4F58500F270D0 /* AppDelegate.swift in Sources */ = {isa = PBXBuildFile; fileRef = DD36357328B4F58500F270D0 /* AppDelegate.swift */; };
		DD36357628B4F58500F270D0 /* SceneDelegate.swift in Sources */ = {isa = PBXBuildFile; fileRef = DD36357528B4F58500F270D0 /* SceneDelegate.swift */; };
		DD36357828B4F58500F270D0 /* TableViewCell.swift in Sources */ = {isa = PBXBuildFile; fileRef = DD36357728B4F58500F270D0 /* TableViewCell.swift */; };
		DD36357B28B4F58500F270D0 /* Main.storyboard in Resources */ = {isa = PBXBuildFile; fileRef = DD36357928B4F58500F270D0 /* Main.storyboard */; };
		DD36357D28B4F58600F270D0 /* Assets.xcassets in Resources */ = {isa = PBXBuildFile; fileRef = DD36357C28B4F58600F270D0 /* Assets.xcassets */; };
		DD36358028B4F58600F270D0 /* LaunchScreen.storyboard in Resources */ = {isa = PBXBuildFile; fileRef = DD36357E28B4F58600F270D0 /* LaunchScreen.storyboard */; };
		DD7AA0C328CA523D006A0002 /* DetailViewController.swift in Sources */ = {isa = PBXBuildFile; fileRef = DD7AA0C228CA523D006A0002 /* DetailViewController.swift */; };
		DD7AB17B28CA16F900F289E6 /* CellTableViewCell.swift in Sources */ = {isa = PBXBuildFile; fileRef = DD7AB17A28CA16F900F289E6 /* CellTableViewCell.swift */; };
		DD98D55A28CE46A70030A4E3 /* QuestionController.swift in Sources */ = {isa = PBXBuildFile; fileRef = DD98D55928CE46A70030A4E3 /* QuestionController.swift */; };
		DD98D55C28CE4EE00030A4E3 /* Questions.swift in Sources */ = {isa = PBXBuildFile; fileRef = DD98D55B28CE4EE00030A4E3 /* Questions.swift */; };
		DD98D56028CE51550030A4E3 /* QuizBrain.swift in Sources */ = {isa = PBXBuildFile; fileRef = DD98D55F28CE51550030A4E3 /* QuizBrain.swift */; };
		DD98D56228CE91B30030A4E3 /* StartQuestionViewController.swift in Sources */ = {isa = PBXBuildFile; fileRef = DD98D56128CE91B30030A4E3 /* StartQuestionViewController.swift */; };
		DD98D56428CE945B0030A4E3 /* ResultViewController.swift in Sources */ = {isa = PBXBuildFile; fileRef = DD98D56328CE945B0030A4E3 /* ResultViewController.swift */; };
/* End PBXBuildFile section */

/* Begin PBXFileReference section */
		DD36357028B4F58500F270D0 /* Formelsammlung.app */ = {isa = PBXFileReference; explicitFileType = wrapper.application; includeInIndex = 0; path = Formelsammlung.app; sourceTree = BUILT_PRODUCTS_DIR; };
		DD36357328B4F58500F270D0 /* AppDelegate.swift */ = {isa = PBXFileReference; lastKnownFileType = sourcecode.swift; path = AppDelegate.swift; sourceTree = "<group>"; };
		DD36357528B4F58500F270D0 /* SceneDelegate.swift */ = {isa = PBXFileReference; lastKnownFileType = sourcecode.swift; path = SceneDelegate.swift; sourceTree = "<group>"; };
		DD36357728B4F58500F270D0 /* TableViewCell.swift */ = {isa = PBXFileReference; lastKnownFileType = sourcecode.swift; path = TableViewCell.swift; sourceTree = "<group>"; };
		DD36357A28B4F58500F270D0 /* Base */ = {isa = PBXFileReference; lastKnownFileType = file.storyboard; name = Base; path = Base.lproj/Main.storyboard; sourceTree = "<group>"; };
		DD36357C28B4F58600F270D0 /* Assets.xcassets */ = {isa = PBXFileReference; lastKnownFileType = folder.assetcatalog; path = Assets.xcassets; sourceTree = "<group>"; };
		DD36357F28B4F58600F270D0 /* Base */ = {isa = PBXFileReference; lastKnownFileType = file.storyboard; name = Base; path = Base.lproj/LaunchScreen.storyboard; sourceTree = "<group>"; };
		DD36358128B4F58600F270D0 /* Info.plist */ = {isa = PBXFileReference; lastKnownFileType = text.plist.xml; path = Info.plist; sourceTree = "<group>"; };
		DD7AA0C228CA523D006A0002 /* DetailViewController.swift */ = {isa = PBXFileReference; lastKnownFileType = sourcecode.swift; path = DetailViewController.swift; sourceTree = "<group>"; };
		DD7AB17A28CA16F900F289E6 /* CellTableViewCell.swift */ = {isa = PBXFileReference; lastKnownFileType = sourcecode.swift; path = CellTableViewCell.swift; sourceTree = "<group>"; };
		DD98D55928CE46A70030A4E3 /* QuestionController.swift */ = {isa = PBXFileReference; lastKnownFileType = sourcecode.swift; path = QuestionController.swift; sourceTree = "<group>"; };
		DD98D55B28CE4EE00030A4E3 /* Questions.swift */ = {isa = PBXFileReference; lastKnownFileType = sourcecode.swift; path = Questions.swift; sourceTree = "<group>"; };
		DD98D55F28CE51550030A4E3 /* QuizBrain.swift */ = {isa = PBXFileReference; lastKnownFileType = sourcecode.swift; path = QuizBrain.swift; sourceTree = "<group>"; };
		DD98D56128CE91B30030A4E3 /* StartQuestionViewController.swift */ = {isa = PBXFileReference; lastKnownFileType = sourcecode.swift; path = StartQuestionViewController.swift; sourceTree = "<group>"; };
		DD98D56328CE945B0030A4E3 /* ResultViewController.swift */ = {isa = PBXFileReference; lastKnownFileType = sourcecode.swift; path = ResultViewController.swift; sourceTree = "<group>"; };
/* End PBXFileReference section */

/* Begin PBXFrameworksBuildPhase section */
		DD36356D28B4F58500F270D0 /* Frameworks */ = {
			isa = PBXFrameworksBuildPhase;
			buildActionMask = 2147483647;
			files = (
			);
			runOnlyForDeploymentPostprocessing = 0;
		};
/* End PBXFrameworksBuildPhase section */

/* Begin PBXGroup section */
		DD36356728B4F58500F270D0 = {
			isa = PBXGroup;
			children = (
				DD36357228B4F58500F270D0 /* Formelsammlung */,
				DD36357128B4F58500F270D0 /* Products */,
			);
			sourceTree = "<group>";
		};
		DD36357128B4F58500F270D0 /* Products */ = {
			isa = PBXGroup;
			children = (
				DD36357028B4F58500F270D0 /* Formelsammlung.app */,
			);
			name = Products;
			sourceTree = "<group>";
		};
		DD36357228B4F58500F270D0 /* Formelsammlung */ = {
			isa = PBXGroup;
			children = (
				DD36357328B4F58500F270D0 /* AppDelegate.swift */,
				DD36357528B4F58500F270D0 /* SceneDelegate.swift */,
				DD7AB16E28CA09DD00F289E6 /* Model */,
				DD7AB16A28CA099A00F289E6 /* View */,
				DD7AB16F28CA0A9A00F289E6 /* Controller */,
				DD36357C28B4F58600F270D0 /* Assets.xcassets */,
				DD36357E28B4F58600F270D0 /* LaunchScreen.storyboard */,
				DD36358128B4F58600F270D0 /* Info.plist */,
			);
			path = Formelsammlung;
			sourceTree = "<group>";
		};
		DD7AB16A28CA099A00F289E6 /* View */ = {
			isa = PBXGroup;
			children = (
				DD36357928B4F58500F270D0 /* Main.storyboard */,
			);
			path = View;
			sourceTree = "<group>";
		};
		DD7AB16E28CA09DD00F289E6 /* Model */ = {
			isa = PBXGroup;
			children = (
				DD98D55B28CE4EE00030A4E3 /* Questions.swift */,
				DD98D55F28CE51550030A4E3 /* QuizBrain.swift */,
			);
			path = Model;
			sourceTree = "<group>";
		};
		DD7AB16F28CA0A9A00F289E6 /* Controller */ = {
			isa = PBXGroup;
			children = (
				DD36357728B4F58500F270D0 /* TableViewCell.swift */,
				DD7AB17A28CA16F900F289E6 /* CellTableViewCell.swift */,
				DD7AA0C228CA523D006A0002 /* DetailViewController.swift */,
				DD98D55928CE46A70030A4E3 /* QuestionController.swift */,
				DD98D56128CE91B30030A4E3 /* StartQuestionViewController.swift */,
				DD98D56328CE945B0030A4E3 /* ResultViewController.swift */,
			);
			path = Controller;
			sourceTree = "<group>";
		};
/* End PBXGroup section */

/* Begin PBXNativeTarget section */
		DD36356F28B4F58500F270D0 /* Formelsammlung */ = {
			isa = PBXNativeTarget;
			buildConfigurationList = DD36358428B4F58600F270D0 /* Build configuration list for PBXNativeTarget "Formelsammlung" */;
			buildPhases = (
				DD36356C28B4F58500F270D0 /* Sources */,
				DD36356D28B4F58500F270D0 /* Frameworks */,
				DD36356E28B4F58500F270D0 /* Resources */,
			);
			buildRules = (
			);
			dependencies = (
			);
			name = Formelsammlung;
			productName = Formelsammlung;
			productReference = DD36357028B4F58500F270D0 /* Formelsammlung.app */;
			productType = "com.apple.product-type.application";
		};
/* End PBXNativeTarget section */

/* Begin PBXProject section */
		DD36356828B4F58500F270D0 /* Project object */ = {
			isa = PBXProject;
			attributes = {
				BuildIndependentTargetsInParallel = 1;
				LastSwiftUpdateCheck = 1330;
				LastUpgradeCheck = 1330;
				TargetAttributes = {
					DD36356F28B4F58500F270D0 = {
						CreatedOnToolsVersion = 13.3;
					};
				};
			};
			buildConfigurationList = DD36356B28B4F58500F270D0 /* Build configuration list for PBXProject "Formelsammlung" */;
			compatibilityVersion = "Xcode 13.0";
			developmentRegion = en;
			hasScannedForEncodings = 0;
			knownRegions = (
				en,
				Base,
			);
			mainGroup = DD36356728B4F58500F270D0;
			productRefGroup = DD36357128B4F58500F270D0 /* Products */;
			projectDirPath = "";
			projectRoot = "";
			targets = (
				DD36356F28B4F58500F270D0 /* Formelsammlung */,
			);
		};
/* End PBXProject section */

/* Begin PBXResourcesBuildPhase section */
		DD36356E28B4F58500F270D0 /* Resources */ = {
			isa = PBXResourcesBuildPhase;
			buildActionMask = 2147483647;
			files = (
				DD36358028B4F58600F270D0 /* LaunchScreen.storyboard in Resources */,
				DD36357D28B4F58600F270D0 /* Assets.xcassets in Resources */,
				DD36357B28B4F58500F270D0 /* Main.storyboard in Resources */,
			);
			runOnlyForDeploymentPostprocessing = 0;
		};
/* End PBXResourcesBuildPhase section */

/* Begin PBXSourcesBuildPhase section */
		DD36356C28B4F58500F270D0 /* Sources */ = {
			isa = PBXSourcesBuildPhase;
			buildActionMask = 2147483647;
			files = (
				DD7AB17B28CA16F900F289E6 /* CellTableViewCell.swift in Sources */,
				DD36357828B4F58500F270D0 /* TableViewCell.swift in Sources */,
				DD7AA0C328CA523D006A0002 /* DetailViewController.swift in Sources */,
				DD98D55C28CE4EE00030A4E3 /* Questions.swift in Sources */,
				DD36357428B4F58500F270D0 /* AppDelegate.swift in Sources */,
				DD98D56428CE945B0030A4E3 /* ResultViewController.swift in Sources */,
				DD36357628B4F58500F270D0 /* SceneDelegate.swift in Sources */,
				DD98D56228CE91B30030A4E3 /* StartQuestionViewController.swift in Sources */,
				DD98D55A28CE46A70030A4E3 /* QuestionController.swift in Sources */,
				DD98D56028CE51550030A4E3 /* QuizBrain.swift in Sources */,
			);
			runOnlyForDeploymentPostprocessing = 0;
		};
/* End PBXSourcesBuildPhase section */

/* Begin PBXVariantGroup section */
		DD36357928B4F58500F270D0 /* Main.storyboard */ = {
			isa = PBXVariantGroup;
			children = (
				DD36357A28B4F58500F270D0 /* Base */,
			);
			name = Main.storyboard;
			sourceTree = "<group>";
		};
		DD36357E28B4F58600F270D0 /* LaunchScreen.storyboard */ = {
			isa = PBXVariantGroup;
			children = (
				DD36357F28B4F58600F270D0 /* Base */,
			);
			name = LaunchScreen.storyboard;
			sourceTree = "<group>";
		};
/* End PBXVariantGroup section */

/* Begin XCBuildConfiguration section */
		DD36358228B4F58600F270D0 /* Debug */ = {
			isa = XCBuildConfiguration;
			buildSettings = {
				ALWAYS_SEARCH_USER_PATHS = NO;
				CLANG_ANALYZER_NONNULL = YES;
				CLANG_ANALYZER_NUMBER_OBJECT_CONVERSION = YES_AGGRESSIVE;
				CLANG_CXX_LANGUAGE_STANDARD = "gnu++17";
				CLANG_ENABLE_MODULES = YES;
				CLANG_ENABLE_OBJC_ARC = YES;
				CLANG_ENABLE_OBJC_WEAK = YES;
				CLANG_WARN_BLOCK_CAPTURE_AUTORELEASING = YES;
				CLANG_WARN_BOOL_CONVERSION = YES;
				CLANG_WARN_COMMA = YES;
				CLANG_WARN_CONSTANT_CONVERSION = YES;
				CLANG_WARN_DEPRECATED_OBJC_IMPLEMENTATIONS = YES;
				CLANG_WARN_DIRECT_OBJC_ISA_USAGE = YES_ERROR;
				CLANG_WARN_DOCUMENTATION_COMMENTS = YES;
				CLANG_WARN_EMPTY_BODY = YES;
				CLANG_WARN_ENUM_CONVERSION = YES;
				CLANG_WARN_INFINITE_RECURSION = YES;
				CLANG_WARN_INT_CONVERSION = YES;
				CLANG_WARN_NON_LITERAL_NULL_CONVERSION = YES;
				CLANG_WARN_OBJC_IMPLICIT_RETAIN_SELF = YES;
				CLANG_WARN_OBJC_LITERAL_CONVERSION = YES;
				CLANG_WARN_OBJC_ROOT_CLASS = YES_ERROR;
				CLANG_WARN_QUOTED_INCLUDE_IN_FRAMEWORK_HEADER = YES;
				CLANG_WARN_RANGE_LOOP_ANALYSIS = YES;
				CLANG_WARN_STRICT_PROTOTYPES = YES;
				CLANG_WARN_SUSPICIOUS_MOVE = YES;
				CLANG_WARN_UNGUARDED_AVAILABILITY = YES_AGGRESSIVE;
				CLANG_WARN_UNREACHABLE_CODE = YES;
				CLANG_WARN__DUPLICATE_METHOD_MATCH = YES;
				COPY_PHASE_STRIP = NO;
				DEBUG_INFORMATION_FORMAT = dwarf;
				ENABLE_STRICT_OBJC_MSGSEND = YES;
				ENABLE_TESTABILITY = YES;
				GCC_C_LANGUAGE_STANDARD = gnu11;
				GCC_DYNAMIC_NO_PIC = NO;
				GCC_NO_COMMON_BLOCKS = YES;
				GCC_OPTIMIZATION_LEVEL = 0;
				GCC_PREPROCESSOR_DEFINITIONS = (
					"DEBUG=1",
					"$(inherited)",
				);
				GCC_WARN_64_TO_32_BIT_CONVERSION = YES;
				GCC_WARN_ABOUT_RETURN_TYPE = YES_ERROR;
				GCC_WARN_UNDECLARED_SELECTOR = YES;
				GCC_WARN_UNINITIALIZED_AUTOS = YES_AGGRESSIVE;
				GCC_WARN_UNUSED_FUNCTION = YES;
				GCC_WARN_UNUSED_VARIABLE = YES;
				IPHONEOS_DEPLOYMENT_TARGET = 15.4;
				MTL_ENABLE_DEBUG_INFO = INCLUDE_SOURCE;
				MTL_FAST_MATH = YES;
				ONLY_ACTIVE_ARCH = YES;
				SDKROOT = iphoneos;
				SWIFT_ACTIVE_COMPILATION_CONDITIONS = DEBUG;
				SWIFT_OPTIMIZATION_LEVEL = "-Onone";
			};
			name = Debug;
		};
		DD36358328B4F58600F270D0 /* Release */ = {
			isa = XCBuildConfiguration;
			buildSettings = {
				ALWAYS_SEARCH_USER_PATHS = NO;
				CLANG_ANALYZER_NONNULL = YES;
				CLANG_ANALYZER_NUMBER_OBJECT_CONVERSION = YES_AGGRESSIVE;
				CLANG_CXX_LANGUAGE_STANDARD = "gnu++17";
				CLANG_ENABLE_MODULES = YES;
				CLANG_ENABLE_OBJC_ARC = YES;
				CLANG_ENABLE_OBJC_WEAK = YES;
				CLANG_WARN_BLOCK_CAPTURE_AUTORELEASING = YES;
				CLANG_WARN_BOOL_CONVERSION = YES;
				CLANG_WARN_COMMA = YES;
				CLANG_WARN_CONSTANT_CONVERSION = YES;
				CLANG_WARN_DEPRECATED_OBJC_IMPLEMENTATIONS = YES;
				CLANG_WARN_DIRECT_OBJC_ISA_USAGE = YES_ERROR;
				CLANG_WARN_DOCUMENTATION_COMMENTS = YES;
				CLANG_WARN_EMPTY_BODY = YES;
				CLANG_WARN_ENUM_CONVERSION = YES;
				CLANG_WARN_INFINITE_RECURSION = YES;
				CLANG_WARN_INT_CONVERSION = YES;
				CLANG_WARN_NON_LITERAL_NULL_CONVERSION = YES;
				CLANG_WARN_OBJC_IMPLICIT_RETAIN_SELF = YES;
				CLANG_WARN_OBJC_LITERAL_CONVERSION = YES;
				CLANG_WARN_OBJC_ROOT_CLASS = YES_ERROR;
				CLANG_WARN_QUOTED_INCLUDE_IN_FRAMEWORK_HEADER = YES;
				CLANG_WARN_RANGE_LOOP_ANALYSIS = YES;
				CLANG_WARN_STRICT_PROTOTYPES = YES;
				CLANG_WARN_SUSPICIOUS_MOVE = YES;
				CLANG_WARN_UNGUARDED_AVAILABILITY = YES_AGGRESSIVE;
				CLANG_WARN_UNREACHABLE_CODE = YES;
				CLANG_WARN__DUPLICATE_METHOD_MATCH = YES;
				COPY_PHASE_STRIP = NO;
				DEBUG_INFORMATION_FORMAT = "dwarf-with-dsym";
				ENABLE_NS_ASSERTIONS = NO;
				ENABLE_STRICT_OBJC_MSGSEND = YES;
				GCC_C_LANGUAGE_STANDARD = gnu11;
				GCC_NO_COMMON_BLOCKS = YES;
				GCC_WARN_64_TO_32_BIT_CONVERSION = YES;
				GCC_WARN_ABOUT_RETURN_TYPE = YES_ERROR;
				GCC_WARN_UNDECLARED_SELECTOR = YES;
				GCC_WARN_UNINITIALIZED_AUTOS = YES_AGGRESSIVE;
				GCC_WARN_UNUSED_FUNCTION = YES;
				GCC_WARN_UNUSED_VARIABLE = YES;
				IPHONEOS_DEPLOYMENT_TARGET = 15.4;
				MTL_ENABLE_DEBUG_INFO = NO;
				MTL_FAST_MATH = YES;
				SDKROOT = iphoneos;
				SWIFT_COMPILATION_MODE = wholemodule;
				SWIFT_OPTIMIZATION_LEVEL = "-O";
				VALIDATE_PRODUCT = YES;
			};
			name = Release;
		};
		DD36358528B4F58600F270D0 /* Debug */ = {
			isa = XCBuildConfiguration;
			buildSettings = {
				ASSETCATALOG_COMPILER_APPICON_NAME = AppIcon;
				ASSETCATALOG_COMPILER_GLOBAL_ACCENT_COLOR_NAME = AccentColor;
				CODE_SIGN_STYLE = Automatic;
				CURRENT_PROJECT_VERSION = 1;
				GENERATE_INFOPLIST_FILE = YES;
				INFOPLIST_FILE = Formelsammlung/Info.plist;
				INFOPLIST_KEY_UIApplicationSupportsIndirectInputEvents = YES;
				INFOPLIST_KEY_UILaunchStoryboardName = LaunchScreen;
				INFOPLIST_KEY_UIMainStoryboardFile = Main;
				INFOPLIST_KEY_UISupportedInterfaceOrientations = "UIInterfaceOrientationPortrait UIInterfaceOrientationLandscapeLeft UIInterfaceOrientationLandscapeRight";
				INFOPLIST_KEY_UISupportedInterfaceOrientations_iPad = "UIInterfaceOrientationPortrait UIInterfaceOrientationPortraitUpsideDown UIInterfaceOrientationLandscapeLeft UIInterfaceOrientationLandscapeRight";
				INFOPLIST_KEY_UISupportedInterfaceOrientations_iPhone = "UIInterfaceOrientationPortrait UIInterfaceOrientationLandscapeLeft UIInterfaceOrientationLandscapeRight";
				LD_RUNPATH_SEARCH_PATHS = (
					"$(inherited)",
					"@executable_path/Frameworks",
				);
				MARKETING_VERSION = 1.0;
				PRODUCT_BUNDLE_IDENTIFIER = thowl.fb5.Formelsammlung;
				PRODUCT_NAME = "$(TARGET_NAME)";
				SWIFT_EMIT_LOC_STRINGS = YES;
				SWIFT_VERSION = 5.0;
				TARGETED_DEVICE_FAMILY = "1,2";
			};
			name = Debug;
		};
		DD36358628B4F58600F270D0 /* Release */ = {
			isa = XCBuildConfiguration;
			buildSettings = {
				ASSETCATALOG_COMPILER_APPICON_NAME = AppIcon;
				ASSETCATALOG_COMPILER_GLOBAL_ACCENT_COLOR_NAME = AccentColor;
				CODE_SIGN_STYLE = Automatic;
				CURRENT_PROJECT_VERSION = 1;
				GENERATE_INFOPLIST_FILE = YES;
				INFOPLIST_FILE = Formelsammlung/Info.plist;
				INFOPLIST_KEY_UIApplicationSupportsIndirectInputEvents = YES;
				INFOPLIST_KEY_UILaunchStoryboardName = LaunchScreen;
				INFOPLIST_KEY_UIMainStoryboardFile = Main;
				INFOPLIST_KEY_UISupportedInterfaceOrientations = "UIInterfaceOrientationPortrait UIInterfaceOrientationLandscapeLeft UIInterfaceOrientationLandscapeRight";
				INFOPLIST_KEY_UISupportedInterfaceOrientations_iPad = "UIInterfaceOrientationPortrait UIInterfaceOrientationPortraitUpsideDown UIInterfaceOrientationLandscapeLeft UIInterfaceOrientationLandscapeRight";
				INFOPLIST_KEY_UISupportedInterfaceOrientations_iPhone = "UIInterfaceOrientationPortrait UIInterfaceOrientationLandscapeLeft UIInterfaceOrientationLandscapeRight";
				LD_RUNPATH_SEARCH_PATHS = (
					"$(inherited)",
					"@executable_path/Frameworks",
				);
				MARKETING_VERSION = 1.0;
				PRODUCT_BUNDLE_IDENTIFIER = thowl.fb5.Formelsammlung;
				PRODUCT_NAME = "$(TARGET_NAME)";
				SWIFT_EMIT_LOC_STRINGS = YES;
				SWIFT_VERSION = 5.0;
				TARGETED_DEVICE_FAMILY = "1,2";
			};
			name = Release;
		};
/* End XCBuildConfiguration section */

/* Begin XCConfigurationList section */
		DD36356B28B4F58500F270D0 /* Build configuration list for PBXProject "Formelsammlung" */ = {
			isa = XCConfigurationList;
			buildConfigurations = (
				DD36358228B4F58600F270D0 /* Debug */,
				DD36358328B4F58600F270D0 /* Release */,
			);
			defaultConfigurationIsVisible = 0;
			defaultConfigurationName = Release;
		};
		DD36358428B4F58600F270D0 /* Build configuration list for PBXNativeTarget "Formelsammlung" */ = {
			isa = XCConfigurationList;
			buildConfigurations = (
				DD36358528B4F58600F270D0 /* Debug */,
				DD36358628B4F58600F270D0 /* Release */,
			);
			defaultConfigurationIsVisible = 0;
			defaultConfigurationName = Release;
		};
/* End XCConfigurationList section */
	};
	rootObject = DD36356828B4F58500F270D0 /* Project object */;
}
